
Microsoft Visual Studio Solution File, Format Version 12.00
# Visual Studio 15
VisualStudioVersion = 15.0.27130.2036
MinimumVisualStudioVersion = 10.0.40219.1
Project("{FAE04EC0-301F-11D3-BF4B-00C04F79EFBC}") = "HWClient", "HWClient\HWClient.csproj", "{EA4F1DC4-7F14-45B1-809D-F330125C3CEE}"
EndProject
Global
	GlobalSection(SolutionConfigurationPlatforms) = preSolution
		Debug|Any CPU = Debug|Any CPU
		Release|Any CPU = Release|Any CPU
	EndGlobalSection
	GlobalSection(ProjectConfigurationPlatforms) = postSolution
		{EA4F1DC4-7F14-45B1-809D-F330125C3CEE}.Debug|Any CPU.ActiveCfg = Debug|Any CPU
		{EA4F1DC4-7F14-45B1-809D-F330125C3CEE}.Debug|Any CPU.Build.0 = Debug|Any CPU
		{EA4F1DC4-7F14-45B1-809D-F330125C3CEE}.Release|Any CPU.ActiveCfg = Release|Any CPU
		{EA4F1DC4-7F14-45B1-809D-F330125C3CEE}.Release|Any CPU.Build.0 = Release|Any CPU
	EndGlobalSection
	GlobalSection(SolutionProperties) = preSolution
		HideSolutionNode = FALSE
	EndGlobalSection
	GlobalSection(ExtensibilityGlobals) = postSolution
		SolutionGuid = {D074B2EE-78C3-4347-9AEE-E84B7321E8C5}
	EndGlobalSection
EndGlobal
